
Microsoft Visual Studio Solution File, Format Version 12.00
# Visual Studio 14
VisualStudioVersion = 14.0.25420.1
MinimumVisualStudioVersion = 10.0.40219.1
Project("{FAE04EC0-301F-11D3-BF4B-00C04F79EFBC}") = "hayasaka-edu", "hayasaka-edu\hayasaka-edu.csproj", "{6C8CD9CA-8EFA-47A7-849B-538B305DAEDF}"
EndProject
Project("{FAE04EC0-301F-11D3-BF4B-00C04F79EFBC}") = "wpf_app", "wpf_app\wpf_app.csproj", "{F4DFCDDD-10DB-4389-8409-508D8978872F}"
EndProject
Project("{FAE04EC0-301F-11D3-BF4B-00C04F79EFBC}") = "winform_app", "winform_app\winform_app.csproj", "{2663F94A-A843-4695-98F1-F11455BDF00A}"
EndProject
Global
	GlobalSection(SolutionConfigurationPlatforms) = preSolution
		Debug|Any CPU = Debug|Any CPU
		Release|Any CPU = Release|Any CPU
	EndGlobalSection
	GlobalSection(ProjectConfigurationPlatforms) = postSolution
		{6C8CD9CA-8EFA-47A7-849B-538B305DAEDF}.Debug|Any CPU.ActiveCfg = Debug|Any CPU
		{6C8CD9CA-8EFA-47A7-849B-538B305DAEDF}.Debug|Any CPU.Build.0 = Debug|Any CPU
		{6C8CD9CA-8EFA-47A7-849B-538B305DAEDF}.Release|Any CPU.ActiveCfg = Release|Any CPU
		{6C8CD9CA-8EFA-47A7-849B-538B305DAEDF}.Release|Any CPU.Build.0 = Release|Any CPU
		{F4DFCDDD-10DB-4389-8409-508D8978872F}.Debug|Any CPU.ActiveCfg = Debug|Any CPU
		{F4DFCDDD-10DB-4389-8409-508D8978872F}.Debug|Any CPU.Build.0 = Debug|Any CPU
		{F4DFCDDD-10DB-4389-8409-508D8978872F}.Release|Any CPU.ActiveCfg = Release|Any CPU
		{F4DFCDDD-10DB-4389-8409-508D8978872F}.Release|Any CPU.Build.0 = Release|Any CPU
		{2663F94A-A843-4695-98F1-F11455BDF00A}.Debug|Any CPU.ActiveCfg = Debug|Any CPU
		{2663F94A-A843-4695-98F1-F11455BDF00A}.Debug|Any CPU.Build.0 = Debug|Any CPU
		{2663F94A-A843-4695-98F1-F11455BDF00A}.Release|Any CPU.ActiveCfg = Release|Any CPU
		{2663F94A-A843-4695-98F1-F11455BDF00A}.Release|Any CPU.Build.0 = Release|Any CPU
	EndGlobalSection
	GlobalSection(SolutionProperties) = preSolution
		HideSolutionNode = FALSE
	EndGlobalSection
EndGlobal
